
Microsoft Visual Studio Solution File, Format Version 12.00
# Visual Studio Version 17
VisualStudioVersion = 17.4.33122.133
MinimumVisualStudioVersion = 10.0.40219.1
Project("{9A19103F-16F7-4668-BE54-9A1E7A4F7556}") = "BookStoreWeb", "BookStoreWeb\BookStoreWeb.csproj", "{226E75FA-CD17-45F5-B9BB-9C0B1EF6A2ED}"
EndProject
Project("{FAE04EC0-301F-11D3-BF4B-00C04F79EFBC}") = "BookStore.DataAccess", "BookStore.DataAccess\BookStore.DataAccess.csproj", "{695E56EC-CDFA-44EC-B4E2-642B10ADD620}"
EndProject
Project("{FAE04EC0-301F-11D3-BF4B-00C04F79EFBC}") = "BookStore.Models", "BookStore.Models\BookStore.Models.csproj", "{887561D5-8A54-41F2-BC0F-7477A501B022}"
EndProject
Project("{FAE04EC0-301F-11D3-BF4B-00C04F79EFBC}") = "BookStore.Utility", "BookStore.Utility\BookStore.Utility.csproj", "{81BDC2E3-E83E-4E45-8367-CD678F919F64}"
EndProject
Global
	GlobalSection(SolutionConfigurationPlatforms) = preSolution
		Debug|Any CPU = Debug|Any CPU
		Release|Any CPU = Release|Any CPU
	EndGlobalSection
	GlobalSection(ProjectConfigurationPlatforms) = postSolution
		{226E75FA-CD17-45F5-B9BB-9C0B1EF6A2ED}.Debug|Any CPU.ActiveCfg = Debug|Any CPU
		{226E75FA-CD17-45F5-B9BB-9C0B1EF6A2ED}.Debug|Any CPU.Build.0 = Debug|Any CPU
		{226E75FA-CD17-45F5-B9BB-9C0B1EF6A2ED}.Release|Any CPU.ActiveCfg = Release|Any CPU
		{226E75FA-CD17-45F5-B9BB-9C0B1EF6A2ED}.Release|Any CPU.Build.0 = Release|Any CPU
		{695E56EC-CDFA-44EC-B4E2-642B10ADD620}.Debug|Any CPU.ActiveCfg = Debug|Any CPU
		{695E56EC-CDFA-44EC-B4E2-642B10ADD620}.Debug|Any CPU.Build.0 = Debug|Any CPU
		{695E56EC-CDFA-44EC-B4E2-642B10ADD620}.Release|Any CPU.ActiveCfg = Release|Any CPU
		{695E56EC-CDFA-44EC-B4E2-642B10ADD620}.Release|Any CPU.Build.0 = Release|Any CPU
		{887561D5-8A54-41F2-BC0F-7477A501B022}.Debug|Any CPU.ActiveCfg = Debug|Any CPU
		{887561D5-8A54-41F2-BC0F-7477A501B022}.Debug|Any CPU.Build.0 = Debug|Any CPU
		{887561D5-8A54-41F2-BC0F-7477A501B022}.Release|Any CPU.ActiveCfg = Release|Any CPU
		{887561D5-8A54-41F2-BC0F-7477A501B022}.Release|Any CPU.Build.0 = Release|Any CPU
		{81BDC2E3-E83E-4E45-8367-CD678F919F64}.Debug|Any CPU.ActiveCfg = Debug|Any CPU
		{81BDC2E3-E83E-4E45-8367-CD678F919F64}.Debug|Any CPU.Build.0 = Debug|Any CPU
		{81BDC2E3-E83E-4E45-8367-CD678F919F64}.Release|Any CPU.ActiveCfg = Release|Any CPU
		{81BDC2E3-E83E-4E45-8367-CD678F919F64}.Release|Any CPU.Build.0 = Release|Any CPU
	EndGlobalSection
	GlobalSection(SolutionProperties) = preSolution
		HideSolutionNode = FALSE
	EndGlobalSection
	GlobalSection(ExtensibilityGlobals) = postSolution
		SolutionGuid = {7AC54F6D-798C-4D9D-ABEF-357B0E7A447B}
	EndGlobalSection
EndGlobal
